
Microsoft Visual Studio Solution File, Format Version 12.00
# Visual Studio Version 17
VisualStudioVersion = 17.11.35303.130
MinimumVisualStudioVersion = 10.0.40219.1
Project("{8BC9CEB8-8B4A-11D0-8D11-00A0C91BC942}") = "ReachableVertexFinder", "ReachableVertexFinder.vcxproj", "{8772DFA8-C319-4266-BED3-0B3E5FEA4A03}"
EndProject
Global
	GlobalSection(SolutionConfigurationPlatforms) = preSolution
		Debug|x64 = Debug|x64
		Debug|x86 = Debug|x86
		Release|x64 = Release|x64
		Release|x86 = Release|x86
	EndGlobalSection
	GlobalSection(ProjectConfigurationPlatforms) = postSolution
		{8772DFA8-C319-4266-BED3-0B3E5FEA4A03}.Debug|x64.ActiveCfg = Debug|x64
		{8772DFA8-C319-4266-BED3-0B3E5FEA4A03}.Debug|x64.Build.0 = Debug|x64
		{8772DFA8-C319-4266-BED3-0B3E5FEA4A03}.Debug|x86.ActiveCfg = Debug|Win32
		{8772DFA8-C319-4266-BED3-0B3E5FEA4A03}.Debug|x86.Build.0 = Debug|Win32
		{8772DFA8-C319-4266-BED3-0B3E5FEA4A03}.Release|x64.ActiveCfg = Release|x64
		{8772DFA8-C319-4266-BED3-0B3E5FEA4A03}.Release|x64.Build.0 = Release|x64
		{8772DFA8-C319-4266-BED3-0B3E5FEA4A03}.Release|x86.ActiveCfg = Release|Win32
		{8772DFA8-C319-4266-BED3-0B3E5FEA4A03}.Release|x86.Build.0 = Release|Win32
	EndGlobalSection
	GlobalSection(SolutionProperties) = preSolution
		HideSolutionNode = FALSE
	EndGlobalSection
	GlobalSection(ExtensibilityGlobals) = postSolution
		SolutionGuid = {DA80F3C4-F85A-4F98-8086-287957D17F76}
	EndGlobalSection
EndGlobal
